
Microsoft Visual Studio Solution File, Format Version 12.00
# Visual Studio Version 16
VisualStudioVersion = 16.0.30114.105
MinimumVisualStudioVersion = 10.0.40219.1
Project("{FAE04EC0-301F-11D3-BF4B-00C04F79EFBC}") = "API", "API\API.csproj", "{7BAEBD3B-6F67-45AC-A924-5E02F93F47BF}"
EndProject
Project("{FAE04EC0-301F-11D3-BF4B-00C04F79EFBC}") = "Core", "Core\Core.csproj", "{4D6D434F-5751-4BE1-BA5F-24A08EFE7BCD}"
EndProject
Project("{FAE04EC0-301F-11D3-BF4B-00C04F79EFBC}") = "Infrastructure", "Infrastructure\Infrastructure.csproj", "{4D424FD6-0215-40B9-A1C4-09DF6CD190E9}"
EndProject
Global
	GlobalSection(SolutionConfigurationPlatforms) = preSolution
		Debug|Any CPU = Debug|Any CPU
		Debug|x64 = Debug|x64
		Debug|x86 = Debug|x86
		Release|Any CPU = Release|Any CPU
		Release|x64 = Release|x64
		Release|x86 = Release|x86
	EndGlobalSection
	GlobalSection(SolutionProperties) = preSolution
		HideSolutionNode = FALSE
	EndGlobalSection
	GlobalSection(ProjectConfigurationPlatforms) = postSolution
		{7BAEBD3B-6F67-45AC-A924-5E02F93F47BF}.Debug|Any CPU.ActiveCfg = Debug|Any CPU
		{7BAEBD3B-6F67-45AC-A924-5E02F93F47BF}.Debug|Any CPU.Build.0 = Debug|Any CPU
		{7BAEBD3B-6F67-45AC-A924-5E02F93F47BF}.Debug|x64.ActiveCfg = Debug|Any CPU
		{7BAEBD3B-6F67-45AC-A924-5E02F93F47BF}.Debug|x64.Build.0 = Debug|Any CPU
		{7BAEBD3B-6F67-45AC-A924-5E02F93F47BF}.Debug|x86.ActiveCfg = Debug|Any CPU
		{7BAEBD3B-6F67-45AC-A924-5E02F93F47BF}.Debug|x86.Build.0 = Debug|Any CPU
		{7BAEBD3B-6F67-45AC-A924-5E02F93F47BF}.Release|Any CPU.ActiveCfg = Release|Any CPU
		{7BAEBD3B-6F67-45AC-A924-5E02F93F47BF}.Release|Any CPU.Build.0 = Release|Any CPU
		{7BAEBD3B-6F67-45AC-A924-5E02F93F47BF}.Release|x64.ActiveCfg = Release|Any CPU
		{7BAEBD3B-6F67-45AC-A924-5E02F93F47BF}.Release|x64.Build.0 = Release|Any CPU
		{7BAEBD3B-6F67-45AC-A924-5E02F93F47BF}.Release|x86.ActiveCfg = Release|Any CPU
		{7BAEBD3B-6F67-45AC-A924-5E02F93F47BF}.Release|x86.Build.0 = Release|Any CPU
		{4D6D434F-5751-4BE1-BA5F-24A08EFE7BCD}.Debug|Any CPU.ActiveCfg = Debug|Any CPU
		{4D6D434F-5751-4BE1-BA5F-24A08EFE7BCD}.Debug|Any CPU.Build.0 = Debug|Any CPU
		{4D6D434F-5751-4BE1-BA5F-24A08EFE7BCD}.Debug|x64.ActiveCfg = Debug|Any CPU
		{4D6D434F-5751-4BE1-BA5F-24A08EFE7BCD}.Debug|x64.Build.0 = Debug|Any CPU
		{4D6D434F-5751-4BE1-BA5F-24A08EFE7BCD}.Debug|x86.ActiveCfg = Debug|Any CPU
		{4D6D434F-5751-4BE1-BA5F-24A08EFE7BCD}.Debug|x86.Build.0 = Debug|Any CPU
		{4D6D434F-5751-4BE1-BA5F-24A08EFE7BCD}.Release|Any CPU.ActiveCfg = Release|Any CPU
		{4D6D434F-5751-4BE1-BA5F-24A08EFE7BCD}.Release|Any CPU.Build.0 = Release|Any CPU
		{4D6D434F-5751-4BE1-BA5F-24A08EFE7BCD}.Release|x64.ActiveCfg = Release|Any CPU
		{4D6D434F-5751-4BE1-BA5F-24A08EFE7BCD}.Release|x64.Build.0 = Release|Any CPU
		{4D6D434F-5751-4BE1-BA5F-24A08EFE7BCD}.Release|x86.ActiveCfg = Release|Any CPU
		{4D6D434F-5751-4BE1-BA5F-24A08EFE7BCD}.Release|x86.Build.0 = Release|Any CPU
		{4D424FD6-0215-40B9-A1C4-09DF6CD190E9}.Debug|Any CPU.ActiveCfg = Debug|Any CPU
		{4D424FD6-0215-40B9-A1C4-09DF6CD190E9}.Debug|Any CPU.Build.0 = Debug|Any CPU
		{4D424FD6-0215-40B9-A1C4-09DF6CD190E9}.Debug|x64.ActiveCfg = Debug|Any CPU
		{4D424FD6-0215-40B9-A1C4-09DF6CD190E9}.Debug|x64.Build.0 = Debug|Any CPU
		{4D424FD6-0215-40B9-A1C4-09DF6CD190E9}.Debug|x86.ActiveCfg = Debug|Any CPU
		{4D424FD6-0215-40B9-A1C4-09DF6CD190E9}.Debug|x86.Build.0 = Debug|Any CPU
		{4D424FD6-0215-40B9-A1C4-09DF6CD190E9}.Release|Any CPU.ActiveCfg = Release|Any CPU
		{4D424FD6-0215-40B9-A1C4-09DF6CD190E9}.Release|Any CPU.Build.0 = Release|Any CPU
		{4D424FD6-0215-40B9-A1C4-09DF6CD190E9}.Release|x64.ActiveCfg = Release|Any CPU
		{4D424FD6-0215-40B9-A1C4-09DF6CD190E9}.Release|x64.Build.0 = Release|Any CPU
		{4D424FD6-0215-40B9-A1C4-09DF6CD190E9}.Release|x86.ActiveCfg = Release|Any CPU
		{4D424FD6-0215-40B9-A1C4-09DF6CD190E9}.Release|x86.Build.0 = Release|Any CPU
	EndGlobalSection
EndGlobal
